// !$*UTF8*$!
{
	archiveVersion = 1;
	classes = {
	};
	objectVersion = 54;
	objects = {

/* Begin PBXBuildFile section */
		9A729C1929D5854400FE17D4 /* Finjinon in Frameworks */ = {isa = PBXBuildFile; productRef = 9A729C1829D5854400FE17D4 /* Finjinon */; };
		CF9B327D229829AD00CCB8F9 /* ViewController.swift in Sources */ = {isa = PBXBuildFile; fileRef = CF9B3271229829AD00CCB8F9 /* ViewController.swift */; };
		CF9B327E229829AD00CCB8F9 /* LaunchScreen.strings in Resources */ = {isa = PBXBuildFile; fileRef = CF9B3272229829AD00CCB8F9 /* LaunchScreen.strings */; };
		CF9B327F229829AD00CCB8F9 /* Main.strings in Resources */ = {isa = PBXBuildFile; fileRef = CF9B3274229829AD00CCB8F9 /* Main.strings */; };
		CF9B3281229829AD00CCB8F9 /* Assets.xcassets in Resources */ = {isa = PBXBuildFile; fileRef = CF9B3278229829AD00CCB8F9 /* Assets.xcassets */; };
		CF9B3282229829AD00CCB8F9 /* LaunchScreen.storyboard in Resources */ = {isa = PBXBuildFile; fileRef = CF9B3279229829AD00CCB8F9 /* LaunchScreen.storyboard */; };
		CF9B3283229829AD00CCB8F9 /* AppDelegate.swift in Sources */ = {isa = PBXBuildFile; fileRef = CF9B327B229829AD00CCB8F9 /* AppDelegate.swift */; };
		CF9B329F229829FC00CCB8F9 /* FinjinonTests.swift in Sources */ = {isa = PBXBuildFile; fileRef = CF9B329D229829FC00CCB8F9 /* FinjinonTests.swift */; };
/* End PBXBuildFile section */

/* Begin PBXContainerItemProxy section */
		1499FC871FCE03530067EDF2 /* PBXContainerItemProxy */ = {
			isa = PBXContainerItemProxy;
			containerPortal = 1499FC361FCDED890067EDF2 /* Project object */;
			proxyType = 1;
			remoteGlobalIDString = 1499FC3D1FCDED890067EDF2;
			remoteInfo = Example;
		};
/* End PBXContainerItemProxy section */

/* Begin PBXCopyFilesBuildPhase section */
		1499FC741FCE02FC0067EDF2 /* Embed Frameworks */ = {
			isa = PBXCopyFilesBuildPhase;
			buildActionMask = 2147483647;
			dstPath = "";
			dstSubfolderSpec = 10;
			files = (
			);
			name = "Embed Frameworks";
			runOnlyForDeploymentPostprocessing = 0;
		};
/* End PBXCopyFilesBuildPhase section */

/* Begin PBXFileReference section */
		1499FC3E1FCDED890067EDF2 /* Demo.app */ = {isa = PBXFileReference; explicitFileType = wrapper.application; includeInIndex = 0; path = Demo.app; sourceTree = BUILT_PRODUCTS_DIR; };
		1499FC831FCE03530067EDF2 /* FinjinonTests.xctest */ = {isa = PBXFileReference; explicitFileType = wrapper.cfbundle; includeInIndex = 0; path = FinjinonTests.xctest; sourceTree = BUILT_PRODUCTS_DIR; };
		7AC0533B2BB2FD3F000C2EC3 /* Finjinon */ = {isa = PBXFileReference; lastKnownFileType = wrapper; name = Finjinon; sourceTree = "<group>"; };
		CF9B3271229829AD00CCB8F9 /* ViewController.swift */ = {isa = PBXFileReference; fileEncoding = 4; lastKnownFileType = sourcecode.swift; path = ViewController.swift; sourceTree = "<group>"; };
		CF9B3273229829AD00CCB8F9 /* nb */ = {isa = PBXFileReference; lastKnownFileType = text.plist.strings; name = nb; path = nb.lproj/LaunchScreen.strings; sourceTree = "<group>"; };
		CF9B3275229829AD00CCB8F9 /* nb */ = {isa = PBXFileReference; lastKnownFileType = text.plist.strings; name = nb; path = nb.lproj/Main.strings; sourceTree = "<group>"; };
		CF9B3278229829AD00CCB8F9 /* Assets.xcassets */ = {isa = PBXFileReference; lastKnownFileType = folder.assetcatalog; path = Assets.xcassets; sourceTree = "<group>"; };
		CF9B327A229829AD00CCB8F9 /* Base */ = {isa = PBXFileReference; lastKnownFileType = file.storyboard; name = Base; path = Base.lproj/LaunchScreen.storyboard; sourceTree = "<group>"; };
		CF9B327B229829AD00CCB8F9 /* AppDelegate.swift */ = {isa = PBXFileReference; fileEncoding = 4; lastKnownFileType = sourcecode.swift; path = AppDelegate.swift; sourceTree = "<group>"; };
		CF9B327C229829AD00CCB8F9 /* Info.plist */ = {isa = PBXFileReference; fileEncoding = 4; lastKnownFileType = text.plist.xml; path = Info.plist; sourceTree = "<group>"; };
		CF9B329D229829FC00CCB8F9 /* FinjinonTests.swift */ = {isa = PBXFileReference; fileEncoding = 4; lastKnownFileType = sourcecode.swift; path = FinjinonTests.swift; sourceTree = "<group>"; };
		CF9B329E229829FC00CCB8F9 /* Info.plist */ = {isa = PBXFileReference; fileEncoding = 4; lastKnownFileType = text.plist.xml; path = Info.plist; sourceTree = "<group>"; };
/* End PBXFileReference section */

/* Begin PBXFrameworksBuildPhase section */
		1499FC3B1FCDED890067EDF2 /* Frameworks */ = {
			isa = PBXFrameworksBuildPhase;
			buildActionMask = 2147483647;
			files = (
				9A729C1929D5854400FE17D4 /* Finjinon in Frameworks */,
			);
			runOnlyForDeploymentPostprocessing = 0;
		};
		1499FC801FCE03530067EDF2 /* Frameworks */ = {
			isa = PBXFrameworksBuildPhase;
			buildActionMask = 2147483647;
			files = (
			);
			runOnlyForDeploymentPostprocessing = 0;
		};
/* End PBXFrameworksBuildPhase section */

/* Begin PBXGroup section */
		1499FC351FCDED890067EDF2 = {
			isa = PBXGroup;
			children = (
				7AC0533B2BB2FD3F000C2EC3 /* Finjinon */,
				CF9B3270229829AD00CCB8F9 /* Demo */,
				CF9B329C229829FC00CCB8F9 /* Tests */,
				1499FC3F1FCDED890067EDF2 /* Products */,
				9A729C1729D5854400FE17D4 /* Frameworks */,
			);
			sourceTree = "<group>";
		};
		1499FC3F1FCDED890067EDF2 /* Products */ = {
			isa = PBXGroup;
			children = (
				1499FC3E1FCDED890067EDF2 /* Demo.app */,
				1499FC831FCE03530067EDF2 /* FinjinonTests.xctest */,
			);
			name = Products;
			sourceTree = "<group>";
		};
		9A729C1729D5854400FE17D4 /* Frameworks */ = {
			isa = PBXGroup;
			children = (
			);
			name = Frameworks;
			sourceTree = "<group>";
		};
		CF9B3270229829AD00CCB8F9 /* Demo */ = {
			isa = PBXGroup;
			children = (
				CF9B3271229829AD00CCB8F9 /* ViewController.swift */,
				CF9B3272229829AD00CCB8F9 /* LaunchScreen.strings */,
				CF9B3274229829AD00CCB8F9 /* Main.strings */,
				CF9B3278229829AD00CCB8F9 /* Assets.xcassets */,
				CF9B3279229829AD00CCB8F9 /* LaunchScreen.storyboard */,
				CF9B327B229829AD00CCB8F9 /* AppDelegate.swift */,
				CF9B327C229829AD00CCB8F9 /* Info.plist */,
			);
			path = Demo;
			sourceTree = "<group>";
		};
		CF9B329C229829FC00CCB8F9 /* Tests */ = {
			isa = PBXGroup;
			children = (
				CF9B329D229829FC00CCB8F9 /* FinjinonTests.swift */,
				CF9B329E229829FC00CCB8F9 /* Info.plist */,
			);
			path = Tests;
			sourceTree = "<group>";
		};
/* End PBXGroup section */

/* Begin PBXNativeTarget section */
		1499FC3D1FCDED890067EDF2 /* Demo */ = {
			isa = PBXNativeTarget;
			buildConfigurationList = 1499FC501FCDED890067EDF2 /* Build configuration list for PBXNativeTarget "Demo" */;
			buildPhases = (
				1499FC3A1FCDED890067EDF2 /* Sources */,
				1499FC3B1FCDED890067EDF2 /* Frameworks */,
				1499FC3C1FCDED890067EDF2 /* Resources */,
				1499FC741FCE02FC0067EDF2 /* Embed Frameworks */,
			);
			buildRules = (
			);
			dependencies = (
			);
			name = Demo;
			packageProductDependencies = (
				9A729C1829D5854400FE17D4 /* Finjinon */,
			);
			productName = Example;
			productReference = 1499FC3E1FCDED890067EDF2 /* Demo.app */;
			productType = "com.apple.product-type.application";
		};
		1499FC821FCE03530067EDF2 /* FinjinonTests */ = {
			isa = PBXNativeTarget;
			buildConfigurationList = 1499FC951FCE03530067EDF2 /* Build configuration list for PBXNativeTarget "FinjinonTests" */;
			buildPhases = (
				1499FC7F1FCE03530067EDF2 /* Sources */,
				1499FC801FCE03530067EDF2 /* Frameworks */,
				1499FC811FCE03530067EDF2 /* Resources */,
			);
			buildRules = (
			);
			dependencies = (
				1499FC881FCE03530067EDF2 /* PBXTargetDependency */,
			);
			name = FinjinonTests;
			productName = FinjinonTests;
			productReference = 1499FC831FCE03530067EDF2 /* FinjinonTests.xctest */;
			productType = "com.apple.product-type.bundle.unit-test";
		};
/* End PBXNativeTarget section */

/* Begin PBXProject section */
		1499FC361FCDED890067EDF2 /* Project object */ = {
			isa = PBXProject;
			attributes = {
				LastSwiftUpdateCheck = 0910;
				LastUpgradeCheck = 1020;
				ORGANIZATIONNAME = FINN.no;
				TargetAttributes = {
					1499FC3D1FCDED890067EDF2 = {
						CreatedOnToolsVersion = 9.1;
						LastSwiftMigration = 1000;
						ProvisioningStyle = Automatic;
					};
					1499FC821FCE03530067EDF2 = {
						CreatedOnToolsVersion = 9.1;
						LastSwiftMigration = 1000;
						ProvisioningStyle = Manual;
						TestTargetID = 1499FC3D1FCDED890067EDF2;
					};
				};
			};
			buildConfigurationList = 1499FC391FCDED890067EDF2 /* Build configuration list for PBXProject "Finjinon" */;
			compatibilityVersion = "Xcode 8.0";
			developmentRegion = en;
			hasScannedForEncodings = 0;
			knownRegions = (
				en,
				Base,
				nb,
			);
			mainGroup = 1499FC351FCDED890067EDF2;
			productRefGroup = 1499FC3F1FCDED890067EDF2 /* Products */;
			projectDirPath = "";
			projectRoot = "";
			targets = (
				1499FC3D1FCDED890067EDF2 /* Demo */,
				1499FC821FCE03530067EDF2 /* FinjinonTests */,
			);
		};
/* End PBXProject section */

/* Begin PBXResourcesBuildPhase section */
		1499FC3C1FCDED890067EDF2 /* Resources */ = {
			isa = PBXResourcesBuildPhase;
			buildActionMask = 2147483647;
			files = (
				CF9B327E229829AD00CCB8F9 /* LaunchScreen.strings in Resources */,
				CF9B3281229829AD00CCB8F9 /* Assets.xcassets in Resources */,
				CF9B3282229829AD00CCB8F9 /* LaunchScreen.storyboard in Resources */,
				CF9B327F229829AD00CCB8F9 /* Main.strings in Resources */,
			);
			runOnlyForDeploymentPostprocessing = 0;
		};
		1499FC811FCE03530067EDF2 /* Resources */ = {
			isa = PBXResourcesBuildPhase;
			buildActionMask = 2147483647;
			files = (
			);
			runOnlyForDeploymentPostprocessing = 0;
		};
/* End PBXResourcesBuildPhase section */

/* Begin PBXSourcesBuildPhase section */
		1499FC3A1FCDED890067EDF2 /* Sources */ = {
			isa = PBXSourcesBuildPhase;
			buildActionMask = 2147483647;
			files = (
				CF9B3283229829AD00CCB8F9 /* AppDelegate.swift in Sources */,
				CF9B327D229829AD00CCB8F9 /* ViewController.swift in Sources */,
			);
			runOnlyForDeploymentPostprocessing = 0;
		};
		1499FC7F1FCE03530067EDF2 /* Sources */ = {
			isa = PBXSourcesBuildPhase;
			buildActionMask = 2147483647;
			files = (
				CF9B329F229829FC00CCB8F9 /* FinjinonTests.swift in Sources */,
			);
			runOnlyForDeploymentPostprocessing = 0;
		};
/* End PBXSourcesBuildPhase section */

/* Begin PBXTargetDependency section */
		1499FC881FCE03530067EDF2 /* PBXTargetDependency */ = {
			isa = PBXTargetDependency;
			target = 1499FC3D1FCDED890067EDF2 /* Demo */;
			targetProxy = 1499FC871FCE03530067EDF2 /* PBXContainerItemProxy */;
		};
/* End PBXTargetDependency section */

/* Begin PBXVariantGroup section */
		CF9B3272229829AD00CCB8F9 /* LaunchScreen.strings */ = {
			isa = PBXVariantGroup;
			children = (
				CF9B3273229829AD00CCB8F9 /* nb */,
			);
			name = LaunchScreen.strings;
			sourceTree = "<group>";
		};
		CF9B3274229829AD00CCB8F9 /* Main.strings */ = {
			isa = PBXVariantGroup;
			children = (
				CF9B3275229829AD00CCB8F9 /* nb */,
			);
			name = Main.strings;
			sourceTree = "<group>";
		};
		CF9B3279229829AD00CCB8F9 /* LaunchScreen.storyboard */ = {
			isa = PBXVariantGroup;
			children = (
				CF9B327A229829AD00CCB8F9 /* Base */,
			);
			name = LaunchScreen.storyboard;
			sourceTree = "<group>";
		};
/* End PBXVariantGroup section */

/* Begin XCBuildConfiguration section */
		1499FC4E1FCDED890067EDF2 /* Debug */ = {
			isa = XCBuildConfiguration;
			buildSettings = {
				ALWAYS_SEARCH_USER_PATHS = NO;
				CLANG_ANALYZER_LOCALIZABILITY_NONLOCALIZED = YES;
				CLANG_ANALYZER_NONNULL = YES;
				CLANG_ANALYZER_NUMBER_OBJECT_CONVERSION = YES_AGGRESSIVE;
				CLANG_CXX_LANGUAGE_STANDARD = "gnu++14";
				CLANG_CXX_LIBRARY = "libc++";
				CLANG_ENABLE_MODULES = YES;
				CLANG_ENABLE_OBJC_ARC = YES;
				CLANG_WARN_BLOCK_CAPTURE_AUTORELEASING = YES;
				CLANG_WARN_BOOL_CONVERSION = YES;
				CLANG_WARN_COMMA = YES;
				CLANG_WARN_CONSTANT_CONVERSION = YES;
				CLANG_WARN_DEPRECATED_OBJC_IMPLEMENTATIONS = YES;
				CLANG_WARN_DIRECT_OBJC_ISA_USAGE = YES_ERROR;
				CLANG_WARN_DOCUMENTATION_COMMENTS = YES;
				CLANG_WARN_EMPTY_BODY = YES;
				CLANG_WARN_ENUM_CONVERSION = YES;
				CLANG_WARN_INFINITE_RECURSION = YES;
				CLANG_WARN_INT_CONVERSION = YES;
				CLANG_WARN_NON_LITERAL_NULL_CONVERSION = YES;
				CLANG_WARN_OBJC_IMPLICIT_RETAIN_SELF = YES;
				CLANG_WARN_OBJC_LITERAL_CONVERSION = YES;
				CLANG_WARN_OBJC_ROOT_CLASS = YES_ERROR;
				CLANG_WARN_RANGE_LOOP_ANALYSIS = YES;
				CLANG_WARN_STRICT_PROTOTYPES = YES;
				CLANG_WARN_SUSPICIOUS_MOVE = YES;
				CLANG_WARN_UNGUARDED_AVAILABILITY = YES_AGGRESSIVE;
				CLANG_WARN_UNREACHABLE_CODE = YES;
				CLANG_WARN__DUPLICATE_METHOD_MATCH = YES;
				CODE_SIGN_IDENTITY = "iPhone Developer";
				COPY_PHASE_STRIP = NO;
				DEBUG_INFORMATION_FORMAT = dwarf;
				ENABLE_STRICT_OBJC_MSGSEND = YES;
				ENABLE_TESTABILITY = YES;
				GCC_C_LANGUAGE_STANDARD = gnu11;
				GCC_DYNAMIC_NO_PIC = NO;
				GCC_NO_COMMON_BLOCKS = YES;
				GCC_OPTIMIZATION_LEVEL = 0;
				GCC_PREPROCESSOR_DEFINITIONS = (
					"DEBUG=1",
					"$(inherited)",
				);
				GCC_WARN_64_TO_32_BIT_CONVERSION = YES;
				GCC_WARN_ABOUT_RETURN_TYPE = YES_ERROR;
				GCC_WARN_UNDECLARED_SELECTOR = YES;
				GCC_WARN_UNINITIALIZED_AUTOS = YES_AGGRESSIVE;
				GCC_WARN_UNUSED_FUNCTION = YES;
				GCC_WARN_UNUSED_VARIABLE = YES;
				IPHONEOS_DEPLOYMENT_TARGET = 14.0;
				MTL_ENABLE_DEBUG_INFO = YES;
				ONLY_ACTIVE_ARCH = YES;
				SDKROOT = iphoneos;
				SWIFT_ACTIVE_COMPILATION_CONDITIONS = DEBUG;
				SWIFT_OPTIMIZATION_LEVEL = "-Onone";
				SWIFT_VERSION = 5.0;
			};
			name = Debug;
		};
		1499FC4F1FCDED890067EDF2 /* Release */ = {
			isa = XCBuildConfiguration;
			buildSettings = {
				ALWAYS_SEARCH_USER_PATHS = NO;
				CLANG_ANALYZER_LOCALIZABILITY_NONLOCALIZED = YES;
				CLANG_ANALYZER_NONNULL = YES;
				CLANG_ANALYZER_NUMBER_OBJECT_CONVERSION = YES_AGGRESSIVE;
				CLANG_CXX_LANGUAGE_STANDARD = "gnu++14";
				CLANG_CXX_LIBRARY = "libc++";
				CLANG_ENABLE_MODULES = YES;
				CLANG_ENABLE_OBJC_ARC = YES;
				CLANG_WARN_BLOCK_CAPTURE_AUTORELEASING = YES;
				CLANG_WARN_BOOL_CONVERSION = YES;
				CLANG_WARN_COMMA = YES;
				CLANG_WARN_CONSTANT_CONVERSION = YES;
				CLANG_WARN_DEPRECATED_OBJC_IMPLEMENTATIONS = YES;
				CLANG_WARN_DIRECT_OBJC_ISA_USAGE = YES_ERROR;
				CLANG_WARN_DOCUMENTATION_COMMENTS = YES;
				CLANG_WARN_EMPTY_BODY = YES;
				CLANG_WARN_ENUM_CONVERSION = YES;
				CLANG_WARN_INFINITE_RECURSION = YES;
				CLANG_WARN_INT_CONVERSION = YES;
				CLANG_WARN_NON_LITERAL_NULL_CONVERSION = YES;
				CLANG_WARN_OBJC_IMPLICIT_RETAIN_SELF = YES;
				CLANG_WARN_OBJC_LITERAL_CONVERSION = YES;
				CLANG_WARN_OBJC_ROOT_CLASS = YES_ERROR;
				CLANG_WARN_RANGE_LOOP_ANALYSIS = YES;
				CLANG_WARN_STRICT_PROTOTYPES = YES;
				CLANG_WARN_SUSPICIOUS_MOVE = YES;
				CLANG_WARN_UNGUARDED_AVAILABILITY = YES_AGGRESSIVE;
				CLANG_WARN_UNREACHABLE_CODE = YES;
				CLANG_WARN__DUPLICATE_METHOD_MATCH = YES;
				CODE_SIGN_IDENTITY = "iPhone Developer";
				COPY_PHASE_STRIP = NO;
				DEBUG_INFORMATION_FORMAT = "dwarf-with-dsym";
				ENABLE_NS_ASSERTIONS = NO;
				ENABLE_STRICT_OBJC_MSGSEND = YES;
				GCC_C_LANGUAGE_STANDARD = gnu11;
				GCC_NO_COMMON_BLOCKS = YES;
				GCC_WARN_64_TO_32_BIT_CONVERSION = YES;
				GCC_WARN_ABOUT_RETURN_TYPE = YES_ERROR;
				GCC_WARN_UNDECLARED_SELECTOR = YES;
				GCC_WARN_UNINITIALIZED_AUTOS = YES_AGGRESSIVE;
				GCC_WARN_UNUSED_FUNCTION = YES;
				GCC_WARN_UNUSED_VARIABLE = YES;
				IPHONEOS_DEPLOYMENT_TARGET = 14.0;
				MTL_ENABLE_DEBUG_INFO = NO;
				SDKROOT = iphoneos;
				SWIFT_COMPILATION_MODE = wholemodule;
				SWIFT_OPTIMIZATION_LEVEL = "-O";
				SWIFT_VERSION = 5.0;
				VALIDATE_PRODUCT = YES;
			};
			name = Release;
		};
		1499FC511FCDED890067EDF2 /* Debug */ = {
			isa = XCBuildConfiguration;
			buildSettings = {
				ASSETCATALOG_COMPILER_APPICON_NAME = AppIcon;
				CODE_SIGN_STYLE = Automatic;
				DEVELOPMENT_TEAM = D34XZHQLE3;
				INFOPLIST_FILE = "$(SRCROOT)/Demo/Info.plist";
				IPHONEOS_DEPLOYMENT_TARGET = 14.0;
				LD_RUNPATH_SEARCH_PATHS = (
					"$(inherited)",
					"@executable_path/Frameworks",
				);
				PRODUCT_BUNDLE_IDENTIFIER = no.finn.finjinon.Demo;
				PRODUCT_NAME = "$(TARGET_NAME)";
				SWIFT_VERSION = 5.0;
				TARGETED_DEVICE_FAMILY = "1,2";
			};
			name = Debug;
		};
		1499FC521FCDED890067EDF2 /* Release */ = {
			isa = XCBuildConfiguration;
			buildSettings = {
				ASSETCATALOG_COMPILER_APPICON_NAME = AppIcon;
				CODE_SIGN_STYLE = Automatic;
				DEVELOPMENT_TEAM = D34XZHQLE3;
				INFOPLIST_FILE = "$(SRCROOT)/Demo/Info.plist";
				IPHONEOS_DEPLOYMENT_TARGET = 14.0;
				LD_RUNPATH_SEARCH_PATHS = (
					"$(inherited)",
					"@executable_path/Frameworks",
				);
				PRODUCT_BUNDLE_IDENTIFIER = no.finn.finjinon.Demo;
				PRODUCT_NAME = "$(TARGET_NAME)";
				SWIFT_VERSION = 5.0;
				TARGETED_DEVICE_FAMILY = "1,2";
			};
			name = Release;
		};
		1499FC961FCE03530067EDF2 /* Debug */ = {
			isa = XCBuildConfiguration;
			buildSettings = {
				BUNDLE_LOADER = "$(TEST_HOST)";
				CODE_SIGN_STYLE = Manual;
				DEVELOPMENT_TEAM = "";
				INFOPLIST_FILE = Tests/Info.plist;
				IPHONEOS_DEPLOYMENT_TARGET = 14.0;
				LD_RUNPATH_SEARCH_PATHS = (
					"$(inherited)",
					"@executable_path/Frameworks",
					"@loader_path/Frameworks",
				);
				PRODUCT_BUNDLE_IDENTIFIER = no.finn.finjinon.FinjinonTests;
				PRODUCT_NAME = "$(TARGET_NAME)";
				PROVISIONING_PROFILE_SPECIFIER = "";
				SWIFT_VERSION = 5.0;
				TARGETED_DEVICE_FAMILY = "1,2";
				TEST_HOST = "$(BUILT_PRODUCTS_DIR)/Demo.app/$(BUNDLE_EXECUTABLE_FOLDER_PATH)/Demo";
			};
			name = Debug;
		};
		1499FC971FCE03530067EDF2 /* Release */ = {
			isa = XCBuildConfiguration;
			buildSettings = {
				BUNDLE_LOADER = "$(TEST_HOST)";
				CODE_SIGN_STYLE = Manual;
				DEVELOPMENT_TEAM = "";
				INFOPLIST_FILE = Tests/Info.plist;
				IPHONEOS_DEPLOYMENT_TARGET = 14.0;
				LD_RUNPATH_SEARCH_PATHS = (
					"$(inherited)",
					"@executable_path/Frameworks",
					"@loader_path/Frameworks",
				);
				PRODUCT_BUNDLE_IDENTIFIER = no.finn.finjinon.FinjinonTests;
				PRODUCT_NAME = "$(TARGET_NAME)";
				PROVISIONING_PROFILE_SPECIFIER = "";
				SWIFT_VERSION = 5.0;
				TARGETED_DEVICE_FAMILY = "1,2";
				TEST_HOST = "$(BUILT_PRODUCTS_DIR)/Demo.app/$(BUNDLE_EXECUTABLE_FOLDER_PATH)/Demo";
			};
			name = Release;
		};
/* End XCBuildConfiguration section */

/* Begin XCConfigurationList section */
		1499FC391FCDED890067EDF2 /* Build configuration list for PBXProject "Finjinon" */ = {
			isa = XCConfigurationList;
			buildConfigurations = (
				1499FC4E1FCDED890067EDF2 /* Debug */,
				1499FC4F1FCDED890067EDF2 /* Release */,
			);
			defaultConfigurationIsVisible = 0;
			defaultConfigurationName = Release;
		};
		1499FC501FCDED890067EDF2 /* Build configuration list for PBXNativeTarget "Demo" */ = {
			isa = XCConfigurationList;
			buildConfigurations = (
				1499FC511FCDED890067EDF2 /* Debug */,
				1499FC521FCDED890067EDF2 /* Release */,
			);
			defaultConfigurationIsVisible = 0;
			defaultConfigurationName = Release;
		};
		1499FC951FCE03530067EDF2 /* Build configuration list for PBXNativeTarget "FinjinonTests" */ = {
			isa = XCConfigurationList;
			buildConfigurations = (
				1499FC961FCE03530067EDF2 /* Debug */,
				1499FC971FCE03530067EDF2 /* Release */,
			);
			defaultConfigurationIsVisible = 0;
			defaultConfigurationName = Release;
		};
/* End XCConfigurationList section */

/* Begin XCSwiftPackageProductDependency section */
		9A729C1829D5854400FE17D4 /* Finjinon */ = {
			isa = XCSwiftPackageProductDependency;
			productName = Finjinon;
		};
/* End XCSwiftPackageProductDependency section */
	};
	rootObject = 1499FC361FCDED890067EDF2 /* Project object */;
}
